// !$*UTF8*$!
{
	archiveVersion = 1;
	classes = {
	};
	objectVersion = 46;
	objects = {

/* Begin PBXBuildFile section */
		28648F9F1B90599600F8A615 /* SystemConfiguration.framework in Frameworks */ = {isa = PBXBuildFile; fileRef = 28648F9E1B90599600F8A615 /* SystemConfiguration.framework */; };
		28648FEC1B9076B600F8A615 /* wwdc15.jpg in Resources */ = {isa = PBXBuildFile; fileRef = 28648FEB1B9076B600F8A615 /* wwdc15.jpg */; };
		286490211B9077A000F8A615 /* MJRefreshAutoFooter.m in Sources */ = {isa = PBXBuildFile; fileRef = 28648FF71B9077A000F8A615 /* MJRefreshAutoFooter.m */; };
		286490221B9077A000F8A615 /* MJRefreshBackFooter.m in Sources */ = {isa = PBXBuildFile; fileRef = 28648FF91B9077A000F8A615 /* MJRefreshBackFooter.m */; };
		286490231B9077A000F8A615 /* MJRefreshComponent.m in Sources */ = {isa = PBXBuildFile; fileRef = 28648FFB1B9077A000F8A615 /* MJRefreshComponent.m */; };
		286490241B9077A000F8A615 /* MJRefreshFooter.m in Sources */ = {isa = PBXBuildFile; fileRef = 28648FFD1B9077A000F8A615 /* MJRefreshFooter.m */; };
		286490251B9077A000F8A615 /* MJRefreshHeader.m in Sources */ = {isa = PBXBuildFile; fileRef = 28648FFF1B9077A000F8A615 /* MJRefreshHeader.m */; };
		286490261B9077A000F8A615 /* MJRefreshAutoGifFooter.m in Sources */ = {isa = PBXBuildFile; fileRef = 286490041B9077A000F8A615 /* MJRefreshAutoGifFooter.m */; };
		286490271B9077A000F8A615 /* MJRefreshAutoNormalFooter.m in Sources */ = {isa = PBXBuildFile; fileRef = 286490061B9077A000F8A615 /* MJRefreshAutoNormalFooter.m */; };
		286490281B9077A000F8A615 /* MJRefreshAutoStateFooter.m in Sources */ = {isa = PBXBuildFile; fileRef = 286490081B9077A000F8A615 /* MJRefreshAutoStateFooter.m */; };
		286490291B9077A000F8A615 /* MJRefreshBackGifFooter.m in Sources */ = {isa = PBXBuildFile; fileRef = 2864900B1B9077A000F8A615 /* MJRefreshBackGifFooter.m */; };
		2864902A1B9077A000F8A615 /* MJRefreshBackNormalFooter.m in Sources */ = {isa = PBXBuildFile; fileRef = 2864900D1B9077A000F8A615 /* MJRefreshBackNormalFooter.m */; };
		2864902B1B9077A000F8A615 /* MJRefreshBackStateFooter.m in Sources */ = {isa = PBXBuildFile; fileRef = 2864900F1B9077A000F8A615 /* MJRefreshBackStateFooter.m */; };
		2864902C1B9077A000F8A615 /* MJRefreshGifHeader.m in Sources */ = {isa = PBXBuildFile; fileRef = 286490121B9077A000F8A615 /* MJRefreshGifHeader.m */; };
		2864902D1B9077A000F8A615 /* MJRefreshNormalHeader.m in Sources */ = {isa = PBXBuildFile; fileRef = 286490141B9077A000F8A615 /* MJRefreshNormalHeader.m */; };
		2864902E1B9077A000F8A615 /* MJRefreshStateHeader.m in Sources */ = {isa = PBXBuildFile; fileRef = 286490161B9077A000F8A615 /* MJRefreshStateHeader.m */; };
		2864902F1B9077A000F8A615 /* MJRefresh.bundle in Resources */ = {isa = PBXBuildFile; fileRef = 286490171B9077A000F8A615 /* MJRefresh.bundle */; };
		286490301B9077A000F8A615 /* MJRefreshConst.m in Sources */ = {isa = PBXBuildFile; fileRef = 2864901A1B9077A000F8A615 /* MJRefreshConst.m */; };
		286490311B9077A000F8A615 /* UIScrollView+MJExtension.m in Sources */ = {isa = PBXBuildFile; fileRef = 2864901C1B9077A000F8A615 /* UIScrollView+MJExtension.m */; };
		286490321B9077A000F8A615 /* UIScrollView+MJRefresh.m in Sources */ = {isa = PBXBuildFile; fileRef = 2864901E1B9077A000F8A615 /* UIScrollView+MJRefresh.m */; };
		286490331B9077A000F8A615 /* UIView+MJExtension.m in Sources */ = {isa = PBXBuildFile; fileRef = 286490201B9077A000F8A615 /* UIView+MJExtension.m */; };
		286490371B9077AF00F8A615 /* Reachability.m in Sources */ = {isa = PBXBuildFile; fileRef = 286490361B9077AF00F8A615 /* Reachability.m */; };
		2864903C1B9077D000F8A615 /* BaseTableViewController.m in Sources */ = {isa = PBXBuildFile; fileRef = 286490391B9077D000F8A615 /* BaseTableViewController.m */; };
		2864903D1B9077D000F8A615 /* BaseViewController.m in Sources */ = {isa = PBXBuildFile; fileRef = 2864903B1B9077D000F8A615 /* BaseViewController.m */; };
		286490411B907C1400F8A615 /* UIView+Toast.m in Sources */ = {isa = PBXBuildFile; fileRef = 286490401B907C1400F8A615 /* UIView+Toast.m */; };
		286490481B907D0500F8A615 /* LaunchScreen.xib in Resources */ = {isa = PBXBuildFile; fileRef = 286490421B907CF100F8A615 /* LaunchScreen.xib */; };
		286490491B907D0500F8A615 /* Main.storyboard in Resources */ = {isa = PBXBuildFile; fileRef = 286490441B907CF100F8A615 /* Main.storyboard */; };
		2864904B1B907D2000F8A615 /* QuartzCore.framework in Frameworks */ = {isa = PBXBuildFile; fileRef = 2864904A1B907D2000F8A615 /* QuartzCore.framework */; };
		28AA91521B93F6A000FAD11A /* loading_1.png in Resources */ = {isa = PBXBuildFile; fileRef = 28AA91421B93F6A000FAD11A /* loading_1.png */; };
		28AA91531B93F6A000FAD11A /* loading_1@2x.png in Resources */ = {isa = PBXBuildFile; fileRef = 28AA91431B93F6A000FAD11A /* loading_1@2x.png */; };
		28AA91541B93F6A000FAD11A /* loading_2.png in Resources */ = {isa = PBXBuildFile; fileRef = 28AA91441B93F6A000FAD11A /* loading_2.png */; };
		28AA91551B93F6A000FAD11A /* loading_2@2x.png in Resources */ = {isa = PBXBuildFile; fileRef = 28AA91451B93F6A000FAD11A /* loading_2@2x.png */; };
		28AA91561B93F6A000FAD11A /* loading_3.png in Resources */ = {isa = PBXBuildFile; fileRef = 28AA91461B93F6A000FAD11A /* loading_3.png */; };
		28AA91571B93F6A000FAD11A /* loading_3@2x.png in Resources */ = {isa = PBXBuildFile; fileRef = 28AA91471B93F6A000FAD11A /* loading_3@2x.png */; };
		28AA91581B93F6A000FAD11A /* loading_4.png in Resources */ = {isa = PBXBuildFile; fileRef = 28AA91481B93F6A000FAD11A /* loading_4.png */; };
		28AA91591B93F6A000FAD11A /* loading_4@2x.png in Resources */ = {isa = PBXBuildFile; fileRef = 28AA91491B93F6A000FAD11A /* loading_4@2x.png */; };
		28AA915A1B93F6A000FAD11A /* loading_5.png in Resources */ = {isa = PBXBuildFile; fileRef = 28AA914A1B93F6A000FAD11A /* loading_5.png */; };
		28AA915B1B93F6A000FAD11A /* loading_5@2x.png in Resources */ = {isa = PBXBuildFile; fileRef = 28AA914B1B93F6A000FAD11A /* loading_5@2x.png */; };
		28AA915C1B93F6A000FAD11A /* loading_6.png in Resources */ = {isa = PBXBuildFile; fileRef = 28AA914C1B93F6A000FAD11A /* loading_6.png */; };
		28AA915D1B93F6A000FAD11A /* loading_6@2x.png in Resources */ = {isa = PBXBuildFile; fileRef = 28AA914D1B93F6A000FAD11A /* loading_6@2x.png */; };
		28AA915E1B93F6A000FAD11A /* loading_7.png in Resources */ = {isa = PBXBuildFile; fileRef = 28AA914E1B93F6A000FAD11A /* loading_7.png */; };
		28AA915F1B93F6A000FAD11A /* loading_7@2x.png in Resources */ = {isa = PBXBuildFile; fileRef = 28AA914F1B93F6A000FAD11A /* loading_7@2x.png */; };
		28AA91601B93F6A000FAD11A /* loading_8.png in Resources */ = {isa = PBXBuildFile; fileRef = 28AA91501B93F6A000FAD11A /* loading_8.png */; };
		28AA91611B93F6A000FAD11A /* loading_8@2x.png in Resources */ = {isa = PBXBuildFile; fileRef = 28AA91511B93F6A000FAD11A /* loading_8@2x.png */; };
		28AA91651B93F74700FAD11A /* Demo1ViewController.m in Sources */ = {isa = PBXBuildFile; fileRef = 28AA91641B93F74700FAD11A /* Demo1ViewController.m */; };
		28AA91681B93FB2A00FAD11A /* TableViewController.m in Sources */ = {isa = PBXBuildFile; fileRef = 28AA91671B93FB2A00FAD11A /* TableViewController.m */; };
		28AA916B1B94040E00FAD11A /* Demo2ViewController.m in Sources */ = {isa = PBXBuildFile; fileRef = 28AA916A1B94040E00FAD11A /* Demo2ViewController.m */; };
		28AA916E1B94044500FAD11A /* Demo3ViewController.m in Sources */ = {isa = PBXBuildFile; fileRef = 28AA916D1B94044500FAD11A /* Demo3ViewController.m */; };
		28AA91711B94053B00FAD11A /* Demo4ViewController.m in Sources */ = {isa = PBXBuildFile; fileRef = 28AA91701B94053B00FAD11A /* Demo4ViewController.m */; };
		28AA91741B94055900FAD11A /* Demo5ViewController.m in Sources */ = {isa = PBXBuildFile; fileRef = 28AA91731B94055900FAD11A /* Demo5ViewController.m */; };
		28AA91771B94057700FAD11A /* Demo6ViewController.m in Sources */ = {isa = PBXBuildFile; fileRef = 28AA91761B94057700FAD11A /* Demo6ViewController.m */; };
		28AA917A1B9426DA00FAD11A /* Demo7ViewController.m in Sources */ = {isa = PBXBuildFile; fileRef = 28AA91791B9426DA00FAD11A /* Demo7ViewController.m */; };
		28AA917D1B94274300FAD11A /* Demo8ViewController.m in Sources */ = {isa = PBXBuildFile; fileRef = 28AA917C1B94274300FAD11A /* Demo8ViewController.m */; };
		28AA91801B94299000FAD11A /* Demo9ViewController.m in Sources */ = {isa = PBXBuildFile; fileRef = 28AA917F1B94299000FAD11A /* Demo9ViewController.m */; };
		28C909941B8F1DAE00DBAE64 /* main.m in Sources */ = {isa = PBXBuildFile; fileRef = 28C909931B8F1DAE00DBAE64 /* main.m */; };
		28C909971B8F1DAE00DBAE64 /* AppDelegate.m in Sources */ = {isa = PBXBuildFile; fileRef = 28C909961B8F1DAE00DBAE64 /* AppDelegate.m */; };
		28C9099A1B8F1DAE00DBAE64 /* ViewController.m in Sources */ = {isa = PBXBuildFile; fileRef = 28C909991B8F1DAE00DBAE64 /* ViewController.m */; };
		28C9099F1B8F1DAE00DBAE64 /* Images.xcassets in Resources */ = {isa = PBXBuildFile; fileRef = 28C9099E1B8F1DAE00DBAE64 /* Images.xcassets */; };
		28C909AE1B8F1DAE00DBAE64 /* BaseViewControllerTests.m in Sources */ = {isa = PBXBuildFile; fileRef = 28C909AD1B8F1DAE00DBAE64 /* BaseViewControllerTests.m */; };
/* End PBXBuildFile section */

/* Begin PBXContainerItemProxy section */
		28C909A81B8F1DAE00DBAE64 /* PBXContainerItemProxy */ = {
			isa = PBXContainerItemProxy;
			containerPortal = 28C909861B8F1DAE00DBAE64 /* Project object */;
			proxyType = 1;
			remoteGlobalIDString = 28C9098D1B8F1DAE00DBAE64;
			remoteInfo = BaseViewController;
		};
/* End PBXContainerItemProxy section */

/* Begin PBXFileReference section */
		28648F9E1B90599600F8A615 /* SystemConfiguration.framework */ = {isa = PBXFileReference; lastKnownFileType = wrapper.framework; name = SystemConfiguration.framework; path = System/Library/Frameworks/SystemConfiguration.framework; sourceTree = SDKROOT; };
		28648FEB1B9076B600F8A615 /* wwdc15.jpg */ = {isa = PBXFileReference; lastKnownFileType = image.jpeg; path = wwdc15.jpg; sourceTree = "<group>"; };
		28648FF61B9077A000F8A615 /* MJRefreshAutoFooter.h */ = {isa = PBXFileReference; fileEncoding = 4; lastKnownFileType = sourcecode.c.h; path = MJRefreshAutoFooter.h; sourceTree = "<group>"; };
		28648FF71B9077A000F8A615 /* MJRefreshAutoFooter.m */ = {isa = PBXFileReference; fileEncoding = 4; lastKnownFileType = sourcecode.c.objc; path = MJRefreshAutoFooter.m; sourceTree = "<group>"; };
		28648FF81B9077A000F8A615 /* MJRefreshBackFooter.h */ = {isa = PBXFileReference; fileEncoding = 4; lastKnownFileType = sourcecode.c.h; path = MJRefreshBackFooter.h; sourceTree = "<group>"; };
		28648FF91B9077A000F8A615 /* MJRefreshBackFooter.m */ = {isa = PBXFileReference; fileEncoding = 4; lastKnownFileType = sourcecode.c.objc; path = MJRefreshBackFooter.m; sourceTree = "<group>"; };
		28648FFA1B9077A000F8A615 /* MJRefreshComponent.h */ = {isa = PBXFileReference; fileEncoding = 4; lastKnownFileType = sourcecode.c.h; path = MJRefreshComponent.h; sourceTree = "<group>"; };
		28648FFB1B9077A000F8A615 /* MJRefreshComponent.m */ = {isa = PBXFileReference; fileEncoding = 4; lastKnownFileType = sourcecode.c.objc; path = MJRefreshComponent.m; sourceTree = "<group>"; };
		28648FFC1B9077A000F8A615 /* MJRefreshFooter.h */ = {isa = PBXFileReference; fileEncoding = 4; lastKnownFileType = sourcecode.c.h; path = MJRefreshFooter.h; sourceTree = "<group>"; };
		28648FFD1B9077A000F8A615 /* MJRefreshFooter.m */ = {isa = PBXFileReference; fileEncoding = 4; lastKnownFileType = sourcecode.c.objc; path = MJRefreshFooter.m; sourceTree = "<group>"; };
		28648FFE1B9077A000F8A615 /* MJRefreshHeader.h */ = {isa = PBXFileReference; fileEncoding = 4; lastKnownFileType = sourcecode.c.h; path = MJRefreshHeader.h; sourceTree = "<group>"; };
		28648FFF1B9077A000F8A615 /* MJRefreshHeader.m */ = {isa = PBXFileReference; fileEncoding = 4; lastKnownFileType = sourcecode.c.objc; path = MJRefreshHeader.m; sourceTree = "<group>"; };
		286490031B9077A000F8A615 /* MJRefreshAutoGifFooter.h */ = {isa = PBXFileReference; fileEncoding = 4; lastKnownFileType = sourcecode.c.h; path = MJRefreshAutoGifFooter.h; sourceTree = "<group>"; };
		286490041B9077A000F8A615 /* MJRefreshAutoGifFooter.m */ = {isa = PBXFileReference; fileEncoding = 4; lastKnownFileType = sourcecode.c.objc; path = MJRefreshAutoGifFooter.m; sourceTree = "<group>"; };
		286490051B9077A000F8A615 /* MJRefreshAutoNormalFooter.h */ = {isa = PBXFileReference; fileEncoding = 4; lastKnownFileType = sourcecode.c.h; path = MJRefreshAutoNormalFooter.h; sourceTree = "<group>"; };
		286490061B9077A000F8A615 /* MJRefreshAutoNormalFooter.m */ = {isa = PBXFileReference; fileEncoding = 4; lastKnownFileType = sourcecode.c.objc; path = MJRefreshAutoNormalFooter.m; sourceTree = "<group>"; };
		286490071B9077A000F8A615 /* MJRefreshAutoStateFooter.h */ = {isa = PBXFileReference; fileEncoding = 4; lastKnownFileType = sourcecode.c.h; path = MJRefreshAutoStateFooter.h; sourceTree = "<group>"; };
		286490081B9077A000F8A615 /* MJRefreshAutoStateFooter.m */ = {isa = PBXFileReference; fileEncoding = 4; lastKnownFileType = sourcecode.c.objc; path = MJRefreshAutoStateFooter.m; sourceTree = "<group>"; };
		2864900A1B9077A000F8A615 /* MJRefreshBackGifFooter.h */ = {isa = PBXFileReference; fileEncoding = 4; lastKnownFileType = sourcecode.c.h; path = MJRefreshBackGifFooter.h; sourceTree = "<group>"; };
		2864900B1B9077A000F8A615 /* MJRefreshBackGifFooter.m */ = {isa = PBXFileReference; fileEncoding = 4; lastKnownFileType = sourcecode.c.objc; path = MJRefreshBackGifFooter.m; sourceTree = "<group>"; };
		2864900C1B9077A000F8A615 /* MJRefreshBackNormalFooter.h */ = {isa = PBXFileReference; fileEncoding = 4; lastKnownFileType = sourcecode.c.h; path = MJRefreshBackNormalFooter.h; sourceTree = "<group>"; };
		2864900D1B9077A000F8A615 /* MJRefreshBackNormalFooter.m */ = {isa = PBXFileReference; fileEncoding = 4; lastKnownFileType = sourcecode.c.objc; path = MJRefreshBackNormalFooter.m; sourceTree = "<group>"; };
		2864900E1B9077A000F8A615 /* MJRefreshBackStateFooter.h */ = {isa = PBXFileReference; fileEncoding = 4; lastKnownFileType = sourcecode.c.h; path = MJRefreshBackStateFooter.h; sourceTree = "<group>"; };
		2864900F1B9077A000F8A615 /* MJRefreshBackStateFooter.m */ = {isa = PBXFileReference; fileEncoding = 4; lastKnownFileType = sourcecode.c.objc; path = MJRefreshBackStateFooter.m; sourceTree = "<group>"; };
		286490111B9077A000F8A615 /* MJRefreshGifHeader.h */ = {isa = PBXFileReference; fileEncoding = 4; lastKnownFileType = sourcecode.c.h; path = MJRefreshGifHeader.h; sourceTree = "<group>"; };
		286490121B9077A000F8A615 /* MJRefreshGifHeader.m */ = {isa = PBXFileReference; fileEncoding = 4; lastKnownFileType = sourcecode.c.objc; path = MJRefreshGifHeader.m; sourceTree = "<group>"; };
		286490131B9077A000F8A615 /* MJRefreshNormalHeader.h */ = {isa = PBXFileReference; fileEncoding = 4; lastKnownFileType = sourcecode.c.h; path = MJRefreshNormalHeader.h; sourceTree = "<group>"; };
		286490141B9077A000F8A615 /* MJRefreshNormalHeader.m */ = {isa = PBXFileReference; fileEncoding = 4; lastKnownFileType = sourcecode.c.objc; path = MJRefreshNormalHeader.m; sourceTree = "<group>"; };
		286490151B9077A000F8A615 /* MJRefreshStateHeader.h */ = {isa = PBXFileReference; fileEncoding = 4; lastKnownFileType = sourcecode.c.h; path = MJRefreshStateHeader.h; sourceTree = "<group>"; };
		286490161B9077A000F8A615 /* MJRefreshStateHeader.m */ = {isa = PBXFileReference; fileEncoding = 4; lastKnownFileType = sourcecode.c.objc; path = MJRefreshStateHeader.m; sourceTree = "<group>"; };
		286490171B9077A000F8A615 /* MJRefresh.bundle */ = {isa = PBXFileReference; lastKnownFileType = "wrapper.plug-in"; path = MJRefresh.bundle; sourceTree = "<group>"; };
		286490181B9077A000F8A615 /* MJRefresh.h */ = {isa = PBXFileReference; fileEncoding = 4; lastKnownFileType = sourcecode.c.h; path = MJRefresh.h; sourceTree = "<group>"; };
		286490191B9077A000F8A615 /* MJRefreshConst.h */ = {isa = PBXFileReference; fileEncoding = 4; lastKnownFileType = sourcecode.c.h; path = MJRefreshConst.h; sourceTree = "<group>"; };
		2864901A1B9077A000F8A615 /* MJRefreshConst.m */ = {isa = PBXFileReference; fileEncoding = 4; lastKnownFileType = sourcecode.c.objc; path = MJRefreshConst.m; sourceTree = "<group>"; };
		2864901B1B9077A000F8A615 /* UIScrollView+MJExtension.h */ = {isa = PBXFileReference; fileEncoding = 4; lastKnownFileType = sourcecode.c.h; path = "UIScrollView+MJExtension.h"; sourceTree = "<group>"; };
		2864901C1B9077A000F8A615 /* UIScrollView+MJExtension.m */ = {isa = PBXFileReference; fileEncoding = 4; lastKnownFileType = sourcecode.c.objc; path = "UIScrollView+MJExtension.m"; sourceTree = "<group>"; };
		2864901D1B9077A000F8A615 /* UIScrollView+MJRefresh.h */ = {isa = PBXFileReference; fileEncoding = 4; lastKnownFileType = sourcecode.c.h; path = "UIScrollView+MJRefresh.h"; sourceTree = "<group>"; };
		2864901E1B9077A000F8A615 /* UIScrollView+MJRefresh.m */ = {isa = PBXFileReference; fileEncoding = 4; lastKnownFileType = sourcecode.c.objc; path = "UIScrollView+MJRefresh.m"; sourceTree = "<group>"; };
		2864901F1B9077A000F8A615 /* UIView+MJExtension.h */ = {isa = PBXFileReference; fileEncoding = 4; lastKnownFileType = sourcecode.c.h; path = "UIView+MJExtension.h"; sourceTree = "<group>"; };
		286490201B9077A000F8A615 /* UIView+MJExtension.m */ = {isa = PBXFileReference; fileEncoding = 4; lastKnownFileType = sourcecode.c.objc; path = "UIView+MJExtension.m"; sourceTree = "<group>"; };
		286490351B9077AF00F8A615 /* Reachability.h */ = {isa = PBXFileReference; fileEncoding = 4; lastKnownFileType = sourcecode.c.h; path = Reachability.h; sourceTree = "<group>"; };
		286490361B9077AF00F8A615 /* Reachability.m */ = {isa = PBXFileReference; fileEncoding = 4; lastKnownFileType = sourcecode.c.objc; path = Reachability.m; sourceTree = "<group>"; };
		286490381B9077D000F8A615 /* BaseTableViewController.h */ = {isa = PBXFileReference; fileEncoding = 4; lastKnownFileType = sourcecode.c.h; path = BaseTableViewController.h; sourceTree = "<group>"; };
		286490391B9077D000F8A615 /* BaseTableViewController.m */ = {isa = PBXFileReference; fileEncoding = 4; lastKnownFileType = sourcecode.c.objc; path = BaseTableViewController.m; sourceTree = "<group>"; };
		2864903A1B9077D000F8A615 /* BaseViewController.h */ = {isa = PBXFileReference; fileEncoding = 4; lastKnownFileType = sourcecode.c.h; path = BaseViewController.h; sourceTree = "<group>"; };
		2864903B1B9077D000F8A615 /* BaseViewController.m */ = {isa = PBXFileReference; fileEncoding = 4; lastKnownFileType = sourcecode.c.objc; path = BaseViewController.m; sourceTree = "<group>"; };
		2864903F1B907C1400F8A615 /* UIView+Toast.h */ = {isa = PBXFileReference; fileEncoding = 4; lastKnownFileType = sourcecode.c.h; path = "UIView+Toast.h"; sourceTree = "<group>"; };
		286490401B907C1400F8A615 /* UIView+Toast.m */ = {isa = PBXFileReference; fileEncoding = 4; lastKnownFileType = sourcecode.c.objc; path = "UIView+Toast.m"; sourceTree = "<group>"; };
		286490431B907CF100F8A615 /* Base */ = {isa = PBXFileReference; lastKnownFileType = file.xib; name = Base; path = Base.lproj/LaunchScreen.xib; sourceTree = "<group>"; };
		286490451B907CF100F8A615 /* Base */ = {isa = PBXFileReference; lastKnownFileType = file.storyboard; name = Base; path = Base.lproj/Main.storyboard; sourceTree = "<group>"; };
		2864904A1B907D2000F8A615 /* QuartzCore.framework */ = {isa = PBXFileReference; lastKnownFileType = wrapper.framework; name = QuartzCore.framework; path = System/Library/Frameworks/QuartzCore.framework; sourceTree = SDKROOT; };
		28AA91421B93F6A000FAD11A /* loading_1.png */ = {isa = PBXFileReference; lastKnownFileType = image.png; path = loading_1.png; sourceTree = "<group>"; };
		28AA91431B93F6A000FAD11A /* loading_1@2x.png */ = {isa = PBXFileReference; lastKnownFileType = image.png; path = "loading_1@2x.png"; sourceTree = "<group>"; };
		28AA91441B93F6A000FAD11A /* loading_2.png */ = {isa = PBXFileReference; lastKnownFileType = image.png; path = loading_2.png; sourceTree = "<group>"; };
		28AA91451B93F6A000FAD11A /* loading_2@2x.png */ = {isa = PBXFileReference; lastKnownFileType = image.png; path = "loading_2@2x.png"; sourceTree = "<group>"; };
		28AA91461B93F6A000FAD11A /* loading_3.png */ = {isa = PBXFileReference; lastKnownFileType = image.png; path = loading_3.png; sourceTree = "<group>"; };
		28AA91471B93F6A000FAD11A /* loading_3@2x.png */ = {isa = PBXFileReference; lastKnownFileType = image.png; path = "loading_3@2x.png"; sourceTree = "<group>"; };
		28AA91481B93F6A000FAD11A /* loading_4.png */ = {isa = PBXFileReference; lastKnownFileType = image.png; path = loading_4.png; sourceTree = "<group>"; };
		28AA91491B93F6A000FAD11A /* loading_4@2x.png */ = {isa = PBXFileReference; lastKnownFileType = image.png; path = "loading_4@2x.png"; sourceTree = "<group>"; };
		28AA914A1B93F6A000FAD11A /* loading_5.png */ = {isa = PBXFileReference; lastKnownFileType = image.png; path = loading_5.png; sourceTree = "<group>"; };
		28AA914B1B93F6A000FAD11A /* loading_5@2x.png */ = {isa = PBXFileReference; lastKnownFileType = image.png; path = "loading_5@2x.png"; sourceTree = "<group>"; };
		28AA914C1B93F6A000FAD11A /* loading_6.png */ = {isa = PBXFileReference; lastKnownFileType = image.png; path = loading_6.png; sourceTree = "<group>"; };
		28AA914D1B93F6A000FAD11A /* loading_6@2x.png */ = {isa = PBXFileReference; lastKnownFileType = image.png; path = "loading_6@2x.png"; sourceTree = "<group>"; };
		28AA914E1B93F6A000FAD11A /* loading_7.png */ = {isa = PBXFileReference; lastKnownFileType = image.png; path = loading_7.png; sourceTree = "<group>"; };
		28AA914F1B93F6A000FAD11A /* loading_7@2x.png */ = {isa = PBXFileReference; lastKnownFileType = image.png; path = "loading_7@2x.png"; sourceTree = "<group>"; };
		28AA91501B93F6A000FAD11A /* loading_8.png */ = {isa = PBXFileReference; lastKnownFileType = image.png; path = loading_8.png; sourceTree = "<group>"; };
		28AA91511B93F6A000FAD11A /* loading_8@2x.png */ = {isa = PBXFileReference; lastKnownFileType = image.png; path = "loading_8@2x.png"; sourceTree = "<group>"; };
		28AA91631B93F74700FAD11A /* Demo1ViewController.h */ = {isa = PBXFileReference; fileEncoding = 4; lastKnownFileType = sourcecode.c.h; path = Demo1ViewController.h; sourceTree = "<group>"; };
		28AA91641B93F74700FAD11A /* Demo1ViewController.m */ = {isa = PBXFileReference; fileEncoding = 4; lastKnownFileType = sourcecode.c.objc; path = Demo1ViewController.m; sourceTree = "<group>"; };
		28AA91661B93FB2A00FAD11A /* TableViewController.h */ = {isa = PBXFileReference; fileEncoding = 4; lastKnownFileType = sourcecode.c.h; path = TableViewController.h; sourceTree = "<group>"; };
		28AA91671B93FB2A00FAD11A /* TableViewController.m */ = {isa = PBXFileReference; fileEncoding = 4; lastKnownFileType = sourcecode.c.objc; path = TableViewController.m; sourceTree = "<group>"; };
		28AA91691B94040E00FAD11A /* Demo2ViewController.h */ = {isa = PBXFileReference; fileEncoding = 4; lastKnownFileType = sourcecode.c.h; path = Demo2ViewController.h; sourceTree = "<group>"; };
		28AA916A1B94040E00FAD11A /* Demo2ViewController.m */ = {isa = PBXFileReference; fileEncoding = 4; lastKnownFileType = sourcecode.c.objc; path = Demo2ViewController.m; sourceTree = "<group>"; };
		28AA916C1B94044500FAD11A /* Demo3ViewController.h */ = {isa = PBXFileReference; fileEncoding = 4; lastKnownFileType = sourcecode.c.h; path = Demo3ViewController.h; sourceTree = "<group>"; };
		28AA916D1B94044500FAD11A /* Demo3ViewController.m */ = {isa = PBXFileReference; fileEncoding = 4; lastKnownFileType = sourcecode.c.objc; path = Demo3ViewController.m; sourceTree = "<group>"; };
		28AA916F1B94053B00FAD11A /* Demo4ViewController.h */ = {isa = PBXFileReference; fileEncoding = 4; lastKnownFileType = sourcecode.c.h; path = Demo4ViewController.h; sourceTree = "<group>"; };
		28AA91701B94053B00FAD11A /* Demo4ViewController.m */ = {isa = PBXFileReference; fileEncoding = 4; lastKnownFileType = sourcecode.c.objc; path = Demo4ViewController.m; sourceTree = "<group>"; };
		28AA91721B94055900FAD11A /* Demo5ViewController.h */ = {isa = PBXFileReference; fileEncoding = 4; lastKnownFileType = sourcecode.c.h; path = Demo5ViewController.h; sourceTree = "<group>"; };
		28AA91731B94055900FAD11A /* Demo5ViewController.m */ = {isa = PBXFileReference; fileEncoding = 4; lastKnownFileType = sourcecode.c.objc; path = Demo5ViewController.m; sourceTree = "<group>"; };
		28AA91751B94057700FAD11A /* Demo6ViewController.h */ = {isa = PBXFileReference; fileEncoding = 4; lastKnownFileType = sourcecode.c.h; path = Demo6ViewController.h; sourceTree = "<group>"; };
		28AA91761B94057700FAD11A /* Demo6ViewController.m */ = {isa = PBXFileReference; fileEncoding = 4; lastKnownFileType = sourcecode.c.objc; path = Demo6ViewController.m; sourceTree = "<group>"; };
		28AA91781B9426DA00FAD11A /* Demo7ViewController.h */ = {isa = PBXFileReference; fileEncoding = 4; lastKnownFileType = sourcecode.c.h; path = Demo7ViewController.h; sourceTree = "<group>"; };
		28AA91791B9426DA00FAD11A /* Demo7ViewController.m */ = {isa = PBXFileReference; fileEncoding = 4; lastKnownFileType = sourcecode.c.objc; path = Demo7ViewController.m; sourceTree = "<group>"; };
		28AA917B1B94274300FAD11A /* Demo8ViewController.h */ = {isa = PBXFileReference; fileEncoding = 4; lastKnownFileType = sourcecode.c.h; path = Demo8ViewController.h; sourceTree = "<group>"; };
		28AA917C1B94274300FAD11A /* Demo8ViewController.m */ = {isa = PBXFileReference; fileEncoding = 4; lastKnownFileType = sourcecode.c.objc; path = Demo8ViewController.m; sourceTree = "<group>"; };
		28AA917E1B94299000FAD11A /* Demo9ViewController.h */ = {isa = PBXFileReference; fileEncoding = 4; lastKnownFileType = sourcecode.c.h; path = Demo9ViewController.h; sourceTree = "<group>"; };
		28AA917F1B94299000FAD11A /* Demo9ViewController.m */ = {isa = PBXFileReference; fileEncoding = 4; lastKnownFileType = sourcecode.c.objc; path = Demo9ViewController.m; sourceTree = "<group>"; };
		28C9098E1B8F1DAE00DBAE64 /* BaseViewController.app */ = {isa = PBXFileReference; explicitFileType = wrapper.application; includeInIndex = 0; path = BaseViewController.app; sourceTree = BUILT_PRODUCTS_DIR; };
		28C909921B8F1DAE00DBAE64 /* Info.plist */ = {isa = PBXFileReference; lastKnownFileType = text.plist.xml; path = Info.plist; sourceTree = "<group>"; };
		28C909931B8F1DAE00DBAE64 /* main.m */ = {isa = PBXFileReference; lastKnownFileType = sourcecode.c.objc; path = main.m; sourceTree = "<group>"; };
		28C909951B8F1DAE00DBAE64 /* AppDelegate.h */ = {isa = PBXFileReference; lastKnownFileType = sourcecode.c.h; path = AppDelegate.h; sourceTree = "<group>"; };
		28C909961B8F1DAE00DBAE64 /* AppDelegate.m */ = {isa = PBXFileReference; lastKnownFileType = sourcecode.c.objc; path = AppDelegate.m; sourceTree = "<group>"; };
		28C909981B8F1DAE00DBAE64 /* ViewController.h */ = {isa = PBXFileReference; lastKnownFileType = sourcecode.c.h; path = ViewController.h; sourceTree = "<group>"; };
		28C909991B8F1DAE00DBAE64 /* ViewController.m */ = {isa = PBXFileReference; lastKnownFileType = sourcecode.c.objc; path = ViewController.m; sourceTree = "<group>"; };
		28C9099E1B8F1DAE00DBAE64 /* Images.xcassets */ = {isa = PBXFileReference; lastKnownFileType = folder.assetcatalog; path = Images.xcassets; sourceTree = "<group>"; };
		28C909A71B8F1DAE00DBAE64 /* BaseViewControllerTests.xctest */ = {isa = PBXFileReference; explicitFileType = wrapper.cfbundle; includeInIndex = 0; path = BaseViewControllerTests.xctest; sourceTree = BUILT_PRODUCTS_DIR; };
		28C909AC1B8F1DAE00DBAE64 /* Info.plist */ = {isa = PBXFileReference; lastKnownFileType = text.plist.xml; path = Info.plist; sourceTree = "<group>"; };
		28C909AD1B8F1DAE00DBAE64 /* BaseViewControllerTests.m */ = {isa = PBXFileReference; lastKnownFileType = sourcecode.c.objc; path = BaseViewControllerTests.m; sourceTree = "<group>"; };
/* End PBXFileReference section */

/* Begin PBXFrameworksBuildPhase section */
		28C9098B1B8F1DAE00DBAE64 /* Frameworks */ = {
			isa = PBXFrameworksBuildPhase;
			buildActionMask = 2147483647;
			files = (
				2864904B1B907D2000F8A615 /* QuartzCore.framework in Frameworks */,
				28648F9F1B90599600F8A615 /* SystemConfiguration.framework in Frameworks */,
			);
			runOnlyForDeploymentPostprocessing = 0;
		};
		28C909A41B8F1DAE00DBAE64 /* Frameworks */ = {
			isa = PBXFrameworksBuildPhase;
			buildActionMask = 2147483647;
			files = (
			);
			runOnlyForDeploymentPostprocessing = 0;
		};
/* End PBXFrameworksBuildPhase section */

/* Begin PBXGroup section */
		28648FA41B9075E700F8A615 /* Vendor */ = {
			isa = PBXGroup;
			children = (
				2864903E1B907C1400F8A615 /* Toast */,
				286490341B9077AF00F8A615 /* Reachability */,
				28648FF41B9077A000F8A615 /* MJRefresh */,
			);
			name = Vendor;
			path = BaseViewController/Vendor;
			sourceTree = "<group>";
		};
		28648FA51B9075FA00F8A615 /* Framework */ = {
			isa = PBXGroup;
			children = (
				2864904A1B907D2000F8A615 /* QuartzCore.framework */,
				28648F9E1B90599600F8A615 /* SystemConfiguration.framework */,
			);
			name = Framework;
			path = BaseViewController/Framework;
			sourceTree = "<group>";
		};
		28648FA61B90761400F8A615 /* Resource */ = {
			isa = PBXGroup;
			children = (
				28648FEB1B9076B600F8A615 /* wwdc15.jpg */,
				28AA91411B93F6A000FAD11A /* loadImages */,
			);
			name = Resource;
			path = BaseViewController/Resource;
			sourceTree = "<group>";
		};
		28648FED1B9076EF00F8A615 /* BaseViewController */ = {
			isa = PBXGroup;
			children = (
				286490381B9077D000F8A615 /* BaseTableViewController.h */,
				286490391B9077D000F8A615 /* BaseTableViewController.m */,
				2864903A1B9077D000F8A615 /* BaseViewController.h */,
				2864903B1B9077D000F8A615 /* BaseViewController.m */,
			);
			path = BaseViewController;
			sourceTree = "<group>";
		};
		28648FF41B9077A000F8A615 /* MJRefresh */ = {
			isa = PBXGroup;
			children = (
				28648FF51B9077A000F8A615 /* Base */,
				286490001B9077A000F8A615 /* Custom */,
				286490171B9077A000F8A615 /* MJRefresh.bundle */,
				286490181B9077A000F8A615 /* MJRefresh.h */,
				286490191B9077A000F8A615 /* MJRefreshConst.h */,
				2864901A1B9077A000F8A615 /* MJRefreshConst.m */,
				2864901B1B9077A000F8A615 /* UIScrollView+MJExtension.h */,
				2864901C1B9077A000F8A615 /* UIScrollView+MJExtension.m */,
				2864901D1B9077A000F8A615 /* UIScrollView+MJRefresh.h */,
				2864901E1B9077A000F8A615 /* UIScrollView+MJRefresh.m */,
				2864901F1B9077A000F8A615 /* UIView+MJExtension.h */,
				286490201B9077A000F8A615 /* UIView+MJExtension.m */,
			);
			path = MJRefresh;
			sourceTree = "<group>";
		};
		28648FF51B9077A000F8A615 /* Base */ = {
			isa = PBXGroup;
			children = (
				28648FF61B9077A000F8A615 /* MJRefreshAutoFooter.h */,
				28648FF71B9077A000F8A615 /* MJRefreshAutoFooter.m */,
				28648FF81B9077A000F8A615 /* MJRefreshBackFooter.h */,
				28648FF91B9077A000F8A615 /* MJRefreshBackFooter.m */,
				28648FFA1B9077A000F8A615 /* MJRefreshComponent.h */,
				28648FFB1B9077A000F8A615 /* MJRefreshComponent.m */,
				28648FFC1B9077A000F8A615 /* MJRefreshFooter.h */,
				28648FFD1B9077A000F8A615 /* MJRefreshFooter.m */,
				28648FFE1B9077A000F8A615 /* MJRefreshHeader.h */,
				28648FFF1B9077A000F8A615 /* MJRefreshHeader.m */,
			);
			path = Base;
			sourceTree = "<group>";
		};
		286490001B9077A000F8A615 /* Custom */ = {
			isa = PBXGroup;
			children = (
				286490011B9077A000F8A615 /* Footer */,
				286490101B9077A000F8A615 /* Header */,
			);
			path = Custom;
			sourceTree = "<group>";
		};
		286490011B9077A000F8A615 /* Footer */ = {
			isa = PBXGroup;
			children = (
				286490021B9077A000F8A615 /* Auto */,
				286490091B9077A000F8A615 /* Back */,
			);
			path = Footer;
			sourceTree = "<group>";
		};
		286490021B9077A000F8A615 /* Auto */ = {
			isa = PBXGroup;
			children = (
				286490031B9077A000F8A615 /* MJRefreshAutoGifFooter.h */,
				286490041B9077A000F8A615 /* MJRefreshAutoGifFooter.m */,
				286490051B9077A000F8A615 /* MJRefreshAutoNormalFooter.h */,
				286490061B9077A000F8A615 /* MJRefreshAutoNormalFooter.m */,
				286490071B9077A000F8A615 /* MJRefreshAutoStateFooter.h */,
				286490081B9077A000F8A615 /* MJRefreshAutoStateFooter.m */,
			);
			path = Auto;
			sourceTree = "<group>";
		};
		286490091B9077A000F8A615 /* Back */ = {
			isa = PBXGroup;
			children = (
				2864900A1B9077A000F8A615 /* MJRefreshBackGifFooter.h */,
				2864900B1B9077A000F8A615 /* MJRefreshBackGifFooter.m */,
				2864900C1B9077A000F8A615 /* MJRefreshBackNormalFooter.h */,
				2864900D1B9077A000F8A615 /* MJRefreshBackNormalFooter.m */,
				2864900E1B9077A000F8A615 /* MJRefreshBackStateFooter.h */,
				2864900F1B9077A000F8A615 /* MJRefreshBackStateFooter.m */,
			);
			path = Back;
			sourceTree = "<group>";
		};
		286490101B9077A000F8A615 /* Header */ = {
			isa = PBXGroup;
			children = (
				286490111B9077A000F8A615 /* MJRefreshGifHeader.h */,
				286490121B9077A000F8A615 /* MJRefreshGifHeader.m */,
				286490131B9077A000F8A615 /* MJRefreshNormalHeader.h */,
				286490141B9077A000F8A615 /* MJRefreshNormalHeader.m */,
				286490151B9077A000F8A615 /* MJRefreshStateHeader.h */,
				286490161B9077A000F8A615 /* MJRefreshStateHeader.m */,
			);
			path = Header;
			sourceTree = "<group>";
		};
		286490341B9077AF00F8A615 /* Reachability */ = {
			isa = PBXGroup;
			children = (
				286490351B9077AF00F8A615 /* Reachability.h */,
				286490361B9077AF00F8A615 /* Reachability.m */,
			);
			path = Reachability;
			sourceTree = "<group>";
		};
		2864903E1B907C1400F8A615 /* Toast */ = {
			isa = PBXGroup;
			children = (
				2864903F1B907C1400F8A615 /* UIView+Toast.h */,
				286490401B907C1400F8A615 /* UIView+Toast.m */,
			);
			path = Toast;
			sourceTree = "<group>";
		};
		28AA91411B93F6A000FAD11A /* loadImages */ = {
			isa = PBXGroup;
			children = (
				28AA91421B93F6A000FAD11A /* loading_1.png */,
				28AA91431B93F6A000FAD11A /* loading_1@2x.png */,
				28AA91441B93F6A000FAD11A /* loading_2.png */,
				28AA91451B93F6A000FAD11A /* loading_2@2x.png */,
				28AA91461B93F6A000FAD11A /* loading_3.png */,
				28AA91471B93F6A000FAD11A /* loading_3@2x.png */,
				28AA91481B93F6A000FAD11A /* loading_4.png */,
				28AA91491B93F6A000FAD11A /* loading_4@2x.png */,
				28AA914A1B93F6A000FAD11A /* loading_5.png */,
				28AA914B1B93F6A000FAD11A /* loading_5@2x.png */,
				28AA914C1B93F6A000FAD11A /* loading_6.png */,
				28AA914D1B93F6A000FAD11A /* loading_6@2x.png */,
				28AA914E1B93F6A000FAD11A /* loading_7.png */,
				28AA914F1B93F6A000FAD11A /* loading_7@2x.png */,
				28AA91501B93F6A000FAD11A /* loading_8.png */,
				28AA91511B93F6A000FAD11A /* loading_8@2x.png */,
			);
			path = loadImages;
			sourceTree = "<group>";
		};
		28AA91621B93F71300FAD11A /* Demo */ = {
			isa = PBXGroup;
			children = (
				28AA91631B93F74700FAD11A /* Demo1ViewController.h */,
				28AA91641B93F74700FAD11A /* Demo1ViewController.m */,
				28AA91691B94040E00FAD11A /* Demo2ViewController.h */,
				28AA916A1B94040E00FAD11A /* Demo2ViewController.m */,
				28AA916C1B94044500FAD11A /* Demo3ViewController.h */,
				28AA916D1B94044500FAD11A /* Demo3ViewController.m */,
				28AA916F1B94053B00FAD11A /* Demo4ViewController.h */,
				28AA91701B94053B00FAD11A /* Demo4ViewController.m */,
				28AA91721B94055900FAD11A /* Demo5ViewController.h */,
				28AA91731B94055900FAD11A /* Demo5ViewController.m */,
				28AA91751B94057700FAD11A /* Demo6ViewController.h */,
				28AA91761B94057700FAD11A /* Demo6ViewController.m */,
				28AA91781B9426DA00FAD11A /* Demo7ViewController.h */,
				28AA91791B9426DA00FAD11A /* Demo7ViewController.m */,
				28AA917B1B94274300FAD11A /* Demo8ViewController.h */,
				28AA917C1B94274300FAD11A /* Demo8ViewController.m */,
				28AA917E1B94299000FAD11A /* Demo9ViewController.h */,
				28AA917F1B94299000FAD11A /* Demo9ViewController.m */,
			);
			path = Demo;
			sourceTree = "<group>";
		};
		28C909851B8F1DAE00DBAE64 = {
			isa = PBXGroup;
			children = (
				28648FA61B90761400F8A615 /* Resource */,
				28648FA51B9075FA00F8A615 /* Framework */,
				28648FA41B9075E700F8A615 /* Vendor */,
				28C909901B8F1DAE00DBAE64 /* BaseViewController */,
				28C909AA1B8F1DAE00DBAE64 /* BaseViewControllerTests */,
				28C9098F1B8F1DAE00DBAE64 /* Products */,
			);
			sourceTree = "<group>";
		};
		28C9098F1B8F1DAE00DBAE64 /* Products */ = {
			isa = PBXGroup;
			children = (
				28C9098E1B8F1DAE00DBAE64 /* BaseViewController.app */,
				28C909A71B8F1DAE00DBAE64 /* BaseViewControllerTests.xctest */,
			);
			name = Products;
			sourceTree = "<group>";
		};
		28C909901B8F1DAE00DBAE64 /* BaseViewController */ = {
			isa = PBXGroup;
			children = (
				28AA91621B93F71300FAD11A /* Demo */,
				28648FED1B9076EF00F8A615 /* BaseViewController */,
				286490421B907CF100F8A615 /* LaunchScreen.xib */,
				286490441B907CF100F8A615 /* Main.storyboard */,
				28C909951B8F1DAE00DBAE64 /* AppDelegate.h */,
				28C909961B8F1DAE00DBAE64 /* AppDelegate.m */,
				28C909981B8F1DAE00DBAE64 /* ViewController.h */,
				28C909991B8F1DAE00DBAE64 /* ViewController.m */,
				28C9099E1B8F1DAE00DBAE64 /* Images.xcassets */,
				28C909911B8F1DAE00DBAE64 /* Supporting Files */,
				28AA91661B93FB2A00FAD11A /* TableViewController.h */,
				28AA91671B93FB2A00FAD11A /* TableViewController.m */,
			);
			path = BaseViewController;
			sourceTree = "<group>";
		};
		28C909911B8F1DAE00DBAE64 /* Supporting Files */ = {
			isa = PBXGroup;
			children = (
				28C909921B8F1DAE00DBAE64 /* Info.plist */,
				28C909931B8F1DAE00DBAE64 /* main.m */,
			);
			name = "Supporting Files";
			sourceTree = "<group>";
		};
		28C909AA1B8F1DAE00DBAE64 /* BaseViewControllerTests */ = {
			isa = PBXGroup;
			children = (
				28C909AD1B8F1DAE00DBAE64 /* BaseViewControllerTests.m */,
				28C909AB1B8F1DAE00DBAE64 /* Supporting Files */,
			);
			path = BaseViewControllerTests;
			sourceTree = "<group>";
		};
		28C909AB1B8F1DAE00DBAE64 /* Supporting Files */ = {
			isa = PBXGroup;
			children = (
				28C909AC1B8F1DAE00DBAE64 /* Info.plist */,
			);
			name = "Supporting Files";
			sourceTree = "<group>";
		};
/* End PBXGroup section */

/* Begin PBXNativeTarget section */
		28C9098D1B8F1DAE00DBAE64 /* BaseViewController */ = {
			isa = PBXNativeTarget;
			buildConfigurationList = 28C909B11B8F1DAE00DBAE64 /* Build configuration list for PBXNativeTarget "BaseViewController" */;
			buildPhases = (
				28C9098A1B8F1DAE00DBAE64 /* Sources */,
				28C9098B1B8F1DAE00DBAE64 /* Frameworks */,
				28C9098C1B8F1DAE00DBAE64 /* Resources */,
			);
			buildRules = (
			);
			dependencies = (
			);
			name = BaseViewController;
			productName = BaseViewController;
			productReference = 28C9098E1B8F1DAE00DBAE64 /* BaseViewController.app */;
			productType = "com.apple.product-type.application";
		};
		28C909A61B8F1DAE00DBAE64 /* BaseViewControllerTests */ = {
			isa = PBXNativeTarget;
			buildConfigurationList = 28C909B41B8F1DAE00DBAE64 /* Build configuration list for PBXNativeTarget "BaseViewControllerTests" */;
			buildPhases = (
				28C909A31B8F1DAE00DBAE64 /* Sources */,
				28C909A41B8F1DAE00DBAE64 /* Frameworks */,
				28C909A51B8F1DAE00DBAE64 /* Resources */,
			);
			buildRules = (
			);
			dependencies = (
				28C909A91B8F1DAE00DBAE64 /* PBXTargetDependency */,
			);
			name = BaseViewControllerTests;
			productName = BaseViewControllerTests;
			productReference = 28C909A71B8F1DAE00DBAE64 /* BaseViewControllerTests.xctest */;
			productType = "com.apple.product-type.bundle.unit-test";
		};
/* End PBXNativeTarget section */

/* Begin PBXProject section */
		28C909861B8F1DAE00DBAE64 /* Project object */ = {
			isa = PBXProject;
			attributes = {
				LastUpgradeCheck = 0640;
				ORGANIZATIONNAME = YiXingLvDong;
				TargetAttributes = {
					28C9098D1B8F1DAE00DBAE64 = {
						CreatedOnToolsVersion = 6.4;
					};
					28C909A61B8F1DAE00DBAE64 = {
						CreatedOnToolsVersion = 6.4;
						TestTargetID = 28C9098D1B8F1DAE00DBAE64;
					};
				};
			};
			buildConfigurationList = 28C909891B8F1DAE00DBAE64 /* Build configuration list for PBXProject "BaseViewController" */;
			compatibilityVersion = "Xcode 3.2";
			developmentRegion = English;
			hasScannedForEncodings = 0;
			knownRegions = (
				en,
				Base,
			);
			mainGroup = 28C909851B8F1DAE00DBAE64;
			productRefGroup = 28C9098F1B8F1DAE00DBAE64 /* Products */;
			projectDirPath = "";
			projectRoot = "";
			targets = (
				28C9098D1B8F1DAE00DBAE64 /* BaseViewController */,
				28C909A61B8F1DAE00DBAE64 /* BaseViewControllerTests */,
			);
		};
/* End PBXProject section */

/* Begin PBXResourcesBuildPhase section */
		28C9098C1B8F1DAE00DBAE64 /* Resources */ = {
			isa = PBXResourcesBuildPhase;
			buildActionMask = 2147483647;
			files = (
				286490481B907D0500F8A615 /* LaunchScreen.xib in Resources */,
				28AA915B1B93F6A000FAD11A /* loading_5@2x.png in Resources */,
				28AA915E1B93F6A000FAD11A /* loading_7.png in Resources */,
				286490491B907D0500F8A615 /* Main.storyboard in Resources */,
				28AA915C1B93F6A000FAD11A /* loading_6.png in Resources */,
				28AA91561B93F6A000FAD11A /* loading_3.png in Resources */,
				28AA91591B93F6A000FAD11A /* loading_4@2x.png in Resources */,
				28AA91571B93F6A000FAD11A /* loading_3@2x.png in Resources */,
				28AA91521B93F6A000FAD11A /* loading_1.png in Resources */,
				28AA91581B93F6A000FAD11A /* loading_4.png in Resources */,
				28C9099F1B8F1DAE00DBAE64 /* Images.xcassets in Resources */,
				28AA915A1B93F6A000FAD11A /* loading_5.png in Resources */,
				2864902F1B9077A000F8A615 /* MJRefresh.bundle in Resources */,
				28AA91531B93F6A000FAD11A /* loading_1@2x.png in Resources */,
				28648FEC1B9076B600F8A615 /* wwdc15.jpg in Resources */,
				28AA91551B93F6A000FAD11A /* loading_2@2x.png in Resources */,
				28AA91541B93F6A000FAD11A /* loading_2.png in Resources */,
				28AA91601B93F6A000FAD11A /* loading_8.png in Resources */,
				28AA915F1B93F6A000FAD11A /* loading_7@2x.png in Resources */,
				28AA91611B93F6A000FAD11A /* loading_8@2x.png in Resources */,
				28AA915D1B93F6A000FAD11A /* loading_6@2x.png in Resources */,
			);
			runOnlyForDeploymentPostprocessing = 0;
		};
		28C909A51B8F1DAE00DBAE64 /* Resources */ = {
			isa = PBXResourcesBuildPhase;
			buildActionMask = 2147483647;
			files = (
			);
			runOnlyForDeploymentPostprocessing = 0;
		};
/* End PBXResourcesBuildPhase section */

/* Begin PBXSourcesBuildPhase section */
		28C9098A1B8F1DAE00DBAE64 /* Sources */ = {
			isa = PBXSourcesBuildPhase;
			buildActionMask = 2147483647;
			files = (
				28AA917A1B9426DA00FAD11A /* Demo7ViewController.m in Sources */,
				28C9099A1B8F1DAE00DBAE64 /* ViewController.m in Sources */,
				2864903D1B9077D000F8A615 /* BaseViewController.m in Sources */,
				28AA91711B94053B00FAD11A /* Demo4ViewController.m in Sources */,
				28AA91801B94299000FAD11A /* Demo9ViewController.m in Sources */,
				286490271B9077A000F8A615 /* MJRefreshAutoNormalFooter.m in Sources */,
				286490411B907C1400F8A615 /* UIView+Toast.m in Sources */,
				28AA91681B93FB2A00FAD11A /* TableViewController.m in Sources */,
				286490261B9077A000F8A615 /* MJRefreshAutoGifFooter.m in Sources */,
				2864902C1B9077A000F8A615 /* MJRefreshGifHeader.m in Sources */,
				28C909971B8F1DAE00DBAE64 /* AppDelegate.m in Sources */,
				286490231B9077A000F8A615 /* MJRefreshComponent.m in Sources */,
				28AA91771B94057700FAD11A /* Demo6ViewController.m in Sources */,
				286490251B9077A000F8A615 /* MJRefreshHeader.m in Sources */,
				2864902B1B9077A000F8A615 /* MJRefreshBackStateFooter.m in Sources */,
				28AA917D1B94274300FAD11A /* Demo8ViewController.m in Sources */,
				286490321B9077A000F8A615 /* UIScrollView+MJRefresh.m in Sources */,
				286490311B9077A000F8A615 /* UIScrollView+MJExtension.m in Sources */,
				286490331B9077A000F8A615 /* UIView+MJExtension.m in Sources */,
				28AA916E1B94044500FAD11A /* Demo3ViewController.m in Sources */,
				286490211B9077A000F8A615 /* MJRefreshAutoFooter.m in Sources */,
				286490291B9077A000F8A615 /* MJRefreshBackGifFooter.m in Sources */,
				2864902D1B9077A000F8A615 /* MJRefreshNormalHeader.m in Sources */,
				286490371B9077AF00F8A615 /* Reachability.m in Sources */,
				28AA91651B93F74700FAD11A /* Demo1ViewController.m in Sources */,
				286490281B9077A000F8A615 /* MJRefreshAutoStateFooter.m in Sources */,
				28AA91741B94055900FAD11A /* Demo5ViewController.m in Sources */,
				286490221B9077A000F8A615 /* MJRefreshBackFooter.m in Sources */,
				2864903C1B9077D000F8A615 /* BaseTableViewController.m in Sources */,
				28C909941B8F1DAE00DBAE64 /* main.m in Sources */,
				286490301B9077A000F8A615 /* MJRefreshConst.m in Sources */,
				2864902A1B9077A000F8A615 /* MJRefreshBackNormalFooter.m in Sources */,
				2864902E1B9077A000F8A615 /* MJRefreshStateHeader.m in Sources */,
				28AA916B1B94040E00FAD11A /* Demo2ViewController.m in Sources */,
				286490241B9077A000F8A615 /* MJRefreshFooter.m in Sources */,
			);
			runOnlyForDeploymentPostprocessing = 0;
		};
		28C909A31B8F1DAE00DBAE64 /* Sources */ = {
			isa = PBXSourcesBuildPhase;
			buildActionMask = 2147483647;
			files = (
				28C909AE1B8F1DAE00DBAE64 /* BaseViewControllerTests.m in Sources */,
			);
			runOnlyForDeploymentPostprocessing = 0;
		};
/* End PBXSourcesBuildPhase section */

/* Begin PBXTargetDependency section */
		28C909A91B8F1DAE00DBAE64 /* PBXTargetDependency */ = {
			isa = PBXTargetDependency;
			target = 28C9098D1B8F1DAE00DBAE64 /* BaseViewController */;
			targetProxy = 28C909A81B8F1DAE00DBAE64 /* PBXContainerItemProxy */;
		};
/* End PBXTargetDependency section */

/* Begin PBXVariantGroup section */
		286490421B907CF100F8A615 /* LaunchScreen.xib */ = {
			isa = PBXVariantGroup;
			children = (
				286490431B907CF100F8A615 /* Base */,
			);
			name = LaunchScreen.xib;
			sourceTree = "<group>";
		};
		286490441B907CF100F8A615 /* Main.storyboard */ = {
			isa = PBXVariantGroup;
			children = (
				286490451B907CF100F8A615 /* Base */,
			);
			name = Main.storyboard;
			sourceTree = "<group>";
		};
/* End PBXVariantGroup section */

/* Begin XCBuildConfiguration section */
		28C909AF1B8F1DAE00DBAE64 /* Debug */ = {
			isa = XCBuildConfiguration;
			buildSettings = {
				ALWAYS_SEARCH_USER_PATHS = NO;
				CLANG_CXX_LANGUAGE_STANDARD = "gnu++0x";
				CLANG_CXX_LIBRARY = "libc++";
				CLANG_ENABLE_MODULES = YES;
				CLANG_ENABLE_OBJC_ARC = YES;
				CLANG_WARN_BOOL_CONVERSION = YES;
				CLANG_WARN_CONSTANT_CONVERSION = YES;
				CLANG_WARN_DIRECT_OBJC_ISA_USAGE = YES_ERROR;
				CLANG_WARN_EMPTY_BODY = YES;
				CLANG_WARN_ENUM_CONVERSION = YES;
				CLANG_WARN_INT_CONVERSION = YES;
				CLANG_WARN_OBJC_ROOT_CLASS = YES_ERROR;
				CLANG_WARN_UNREACHABLE_CODE = YES;
				CLANG_WARN__DUPLICATE_METHOD_MATCH = YES;
				"CODE_SIGN_IDENTITY[sdk=iphoneos*]" = "iPhone Developer";
				COPY_PHASE_STRIP = NO;
				DEBUG_INFORMATION_FORMAT = "dwarf-with-dsym";
				ENABLE_STRICT_OBJC_MSGSEND = YES;
				GCC_C_LANGUAGE_STANDARD = gnu99;
				GCC_DYNAMIC_NO_PIC = NO;
				GCC_NO_COMMON_BLOCKS = YES;
				GCC_OPTIMIZATION_LEVEL = 0;
				GCC_PREPROCESSOR_DEFINITIONS = (
					"DEBUG=1",
					"$(inherited)",
				);
				GCC_SYMBOLS_PRIVATE_EXTERN = NO;
				GCC_WARN_64_TO_32_BIT_CONVERSION = YES;
				GCC_WARN_ABOUT_RETURN_TYPE = YES_ERROR;
				GCC_WARN_UNDECLARED_SELECTOR = YES;
				GCC_WARN_UNINITIALIZED_AUTOS = YES_AGGRESSIVE;
				GCC_WARN_UNUSED_FUNCTION = YES;
				GCC_WARN_UNUSED_VARIABLE = YES;
				IPHONEOS_DEPLOYMENT_TARGET = 8.4;
				MTL_ENABLE_DEBUG_INFO = YES;
				ONLY_ACTIVE_ARCH = YES;
				SDKROOT = iphoneos;
			};
			name = Debug;
		};
		28C909B01B8F1DAE00DBAE64 /* Release */ = {
			isa = XCBuildConfiguration;
			buildSettings = {
				ALWAYS_SEARCH_USER_PATHS = NO;
				CLANG_CXX_LANGUAGE_STANDARD = "gnu++0x";
				CLANG_CXX_LIBRARY = "libc++";
				CLANG_ENABLE_MODULES = YES;
				CLANG_ENABLE_OBJC_ARC = YES;
				CLANG_WARN_BOOL_CONVERSION = YES;
				CLANG_WARN_CONSTANT_CONVERSION = YES;
				CLANG_WARN_DIRECT_OBJC_ISA_USAGE = YES_ERROR;
				CLANG_WARN_EMPTY_BODY = YES;
				CLANG_WARN_ENUM_CONVERSION = YES;
				CLANG_WARN_INT_CONVERSION = YES;
				CLANG_WARN_OBJC_ROOT_CLASS = YES_ERROR;
				CLANG_WARN_UNREACHABLE_CODE = YES;
				CLANG_WARN__DUPLICATE_METHOD_MATCH = YES;
				"CODE_SIGN_IDENTITY[sdk=iphoneos*]" = "iPhone Developer";
				COPY_PHASE_STRIP = NO;
				DEBUG_INFORMATION_FORMAT = "dwarf-with-dsym";
				ENABLE_NS_ASSERTIONS = NO;
				ENABLE_STRICT_OBJC_MSGSEND = YES;
				GCC_C_LANGUAGE_STANDARD = gnu99;
				GCC_NO_COMMON_BLOCKS = YES;
				GCC_WARN_64_TO_32_BIT_CONVERSION = YES;
				GCC_WARN_ABOUT_RETURN_TYPE = YES_ERROR;
				GCC_WARN_UNDECLARED_SELECTOR = YES;
				GCC_WARN_UNINITIALIZED_AUTOS = YES_AGGRESSIVE;
				GCC_WARN_UNUSED_FUNCTION = YES;
				GCC_WARN_UNUSED_VARIABLE = YES;
				IPHONEOS_DEPLOYMENT_TARGET = 8.4;
				MTL_ENABLE_DEBUG_INFO = NO;
				SDKROOT = iphoneos;
				VALIDATE_PRODUCT = YES;
			};
			name = Release;
		};
		28C909B21B8F1DAE00DBAE64 /* Debug */ = {
			isa = XCBuildConfiguration;
			buildSettings = {
				ASSETCATALOG_COMPILER_APPICON_NAME = AppIcon;
				INFOPLIST_FILE = BaseViewController/Info.plist;
				LD_RUNPATH_SEARCH_PATHS = "$(inherited) @executable_path/Frameworks";
				PRODUCT_NAME = "$(TARGET_NAME)";
			};
			name = Debug;
		};
		28C909B31B8F1DAE00DBAE64 /* Release */ = {
			isa = XCBuildConfiguration;
			buildSettings = {
				ASSETCATALOG_COMPILER_APPICON_NAME = AppIcon;
				INFOPLIST_FILE = BaseViewController/Info.plist;
				LD_RUNPATH_SEARCH_PATHS = "$(inherited) @executable_path/Frameworks";
				PRODUCT_NAME = "$(TARGET_NAME)";
			};
			name = Release;
		};
		28C909B51B8F1DAE00DBAE64 /* Debug */ = {
			isa = XCBuildConfiguration;
			buildSettings = {
				BUNDLE_LOADER = "$(TEST_HOST)";
				FRAMEWORK_SEARCH_PATHS = (
					"$(SDKROOT)/Developer/Library/Frameworks",
					"$(inherited)",
				);
				GCC_PREPROCESSOR_DEFINITIONS = (
					"DEBUG=1",
					"$(inherited)",
				);
				INFOPLIST_FILE = BaseViewControllerTests/Info.plist;
				LD_RUNPATH_SEARCH_PATHS = "$(inherited) @executable_path/Frameworks @loader_path/Frameworks";
				PRODUCT_NAME = "$(TARGET_NAME)";
				TEST_HOST = "$(BUILT_PRODUCTS_DIR)/BaseViewController.app/BaseViewController";
			};
			name = Debug;
		};
		28C909B61B8F1DAE00DBAE64 /* Release */ = {
			isa = XCBuildConfiguration;
			buildSettings = {
				BUNDLE_LOADER = "$(TEST_HOST)";
				FRAMEWORK_SEARCH_PATHS = (
					"$(SDKROOT)/Developer/Library/Frameworks",
					"$(inherited)",
				);
				INFOPLIST_FILE = BaseViewControllerTests/Info.plist;
				LD_RUNPATH_SEARCH_PATHS = "$(inherited) @executable_path/Frameworks @loader_path/Frameworks";
				PRODUCT_NAME = "$(TARGET_NAME)";
				TEST_HOST = "$(BUILT_PRODUCTS_DIR)/BaseViewController.app/BaseViewController";
			};
			name = Release;
		};
/* End XCBuildConfiguration section */

/* Begin XCConfigurationList section */
		28C909891B8F1DAE00DBAE64 /* Build configuration list for PBXProject "BaseViewController" */ = {
			isa = XCConfigurationList;
			buildConfigurations = (
				28C909AF1B8F1DAE00DBAE64 /* Debug */,
				28C909B01B8F1DAE00DBAE64 /* Release */,
			);
			defaultConfigurationIsVisible = 0;
			defaultConfigurationName = Release;
		};
		28C909B11B8F1DAE00DBAE64 /* Build configuration list for PBXNativeTarget "BaseViewController" */ = {
			isa = XCConfigurationList;
			buildConfigurations = (
				28C909B21B8F1DAE00DBAE64 /* Debug */,
				28C909B31B8F1DAE00DBAE64 /* Release */,
			);
			defaultConfigurationIsVisible = 0;
			defaultConfigurationName = Release;
		};
		28C909B41B8F1DAE00DBAE64 /* Build configuration list for PBXNativeTarget "BaseViewControllerTests" */ = {
			isa = XCConfigurationList;
			buildConfigurations = (
				28C909B51B8F1DAE00DBAE64 /* Debug */,
				28C909B61B8F1DAE00DBAE64 /* Release */,
			);
			defaultConfigurationIsVisible = 0;
			defaultConfigurationName = Release;
		};
/* End XCConfigurationList section */
	};
	rootObject = 28C909861B8F1DAE00DBAE64 /* Project object */;
}
